// !$*UTF8*$!
{
	archiveVersion = 1;
	classes = {
	};
	objectVersion = 46;
	objects = {

/* Begin PBXAggregateTarget section */
		7D94C9A31C7642AA004E52A6 /* Mogenerator */ = {
			isa = PBXAggregateTarget;
			buildConfigurationList = 7D94C9A61C7642AA004E52A6 /* Build configuration list for PBXAggregateTarget "Mogenerator" */;
			buildPhases = (
				7D94C9A71C7642CF004E52A6 /* Mogenerator Run Script */,
			);
			dependencies = (
			);
			name = Mogenerator;
			productName = Mogenerator;
		};
/* End PBXAggregateTarget section */

/* Begin PBXBuildFile section */
		7D94C9871C7639E6004E52A6 /* main.m in Sources */ = {isa = PBXBuildFile; fileRef = 7D94C9861C7639E6004E52A6 /* main.m */; };
		7D94C98A1C7639E6004E52A6 /* AppDelegate.m in Sources */ = {isa = PBXBuildFile; fileRef = 7D94C9891C7639E6004E52A6 /* AppDelegate.m */; };
		7D94C98D1C7639E6004E52A6 /* HomeViewController.m in Sources */ = {isa = PBXBuildFile; fileRef = 7D94C98C1C7639E6004E52A6 /* HomeViewController.m */; };
		7D94C9901C7639E6004E52A6 /* Main.storyboard in Resources */ = {isa = PBXBuildFile; fileRef = 7D94C98E1C7639E6004E52A6 /* Main.storyboard */; };
		7D94C9921C7639E6004E52A6 /* Assets.xcassets in Resources */ = {isa = PBXBuildFile; fileRef = 7D94C9911C7639E6004E52A6 /* Assets.xcassets */; };
		7D94C9951C7639E6004E52A6 /* LaunchScreen.storyboard in Resources */ = {isa = PBXBuildFile; fileRef = 7D94C9931C7639E6004E52A6 /* LaunchScreen.storyboard */; };
		7D94C99F1C763AE3004E52A6 /* LivePathDatabase.xcdatamodeld in Sources */ = {isa = PBXBuildFile; fileRef = 7D94C99D1C763AE3004E52A6 /* LivePathDatabase.xcdatamodeld */; };
		7D94C9A21C763D90004E52A6 /* MapKit.framework in Frameworks */ = {isa = PBXBuildFile; fileRef = 7D94C9A11C763D90004E52A6 /* MapKit.framework */; };
		7D94C9AA1C7645B3004E52A6 /* BaseModel.m in Sources */ = {isa = PBXBuildFile; fileRef = 7D94C9A91C7645B3004E52A6 /* BaseModel.m */; };
		7D94C9B31C764612004E52A6 /* LocationModel.m in Sources */ = {isa = PBXBuildFile; fileRef = 7D94C9AE1C764612004E52A6 /* LocationModel.m */; };
		7D94C9B41C764612004E52A6 /* PathModel.m in Sources */ = {isa = PBXBuildFile; fileRef = 7D94C9B01C764612004E52A6 /* PathModel.m */; };
		7D94C9B51C764612004E52A6 /* _LocationModel.m in Sources */ = {isa = PBXBuildFile; fileRef = 7D94C9B11C764612004E52A6 /* _LocationModel.m */; };
		7D94C9B61C764612004E52A6 /* _PathModel.m in Sources */ = {isa = PBXBuildFile; fileRef = 7D94C9B21C764612004E52A6 /* _PathModel.m */; };
		7D94C9BB1C76468A004E52A6 /* LivePathTrackerTheme.m in Sources */ = {isa = PBXBuildFile; fileRef = 7D94C9BA1C76468A004E52A6 /* LivePathTrackerTheme.m */; };
		7D94C9C01C7646FD004E52A6 /* UIColor+Theme.m in Sources */ = {isa = PBXBuildFile; fileRef = 7D94C9BD1C7646FD004E52A6 /* UIColor+Theme.m */; };
		7D94C9C11C7646FD004E52A6 /* UIFont+Theme.m in Sources */ = {isa = PBXBuildFile; fileRef = 7D94C9BF1C7646FD004E52A6 /* UIFont+Theme.m */; };
		7D94C9C51C764789004E52A6 /* TitleLabel.m in Sources */ = {isa = PBXBuildFile; fileRef = 7D94C9C41C764789004E52A6 /* TitleLabel.m */; };
		7D94C9C81C765506004E52A6 /* PathViewController.m in Sources */ = {isa = PBXBuildFile; fileRef = 7D94C9C71C765506004E52A6 /* PathViewController.m */; };
		7D94C9CC1C7663B9004E52A6 /* Utility.m in Sources */ = {isa = PBXBuildFile; fileRef = 7D94C9CB1C7663B9004E52A6 /* Utility.m */; };
		7DF6E9081C789090002B11BC /* DetailViewController.m in Sources */ = {isa = PBXBuildFile; fileRef = 7DF6E9071C789090002B11BC /* DetailViewController.m */; };
		7DF6E9151C78A880002B11BC /* A2Li.gpx in Resources */ = {isa = PBXBuildFile; fileRef = 7DF6E90A1C78A880002B11BC /* A2Li.gpx */; };
		7DF6E9161C78A880002B11BC /* A2LiToA9Re.gpx in Resources */ = {isa = PBXBuildFile; fileRef = 7DF6E90B1C78A880002B11BC /* A2LiToA9Re.gpx */; };
		7DF6E9171C78A880002B11BC /* A2Re.gpx in Resources */ = {isa = PBXBuildFile; fileRef = 7DF6E90C1C78A880002B11BC /* A2Re.gpx */; };
		7DF6E9181C78A880002B11BC /* A2ReLong.gpx in Resources */ = {isa = PBXBuildFile; fileRef = 7DF6E90D1C78A880002B11BC /* A2ReLong.gpx */; };
		7DF6E9191C78A880002B11BC /* A2ReTest.gpx in Resources */ = {isa = PBXBuildFile; fileRef = 7DF6E90E1C78A880002B11BC /* A2ReTest.gpx */; };
		7DF6E91A1C78A880002B11BC /* A12.gpx in Resources */ = {isa = PBXBuildFile; fileRef = 7DF6E90F1C78A880002B11BC /* A12.gpx */; };
		7DF6E91B1C78A880002B11BC /* afslag.gpx in Resources */ = {isa = PBXBuildFile; fileRef = 7DF6E9101C78A880002B11BC /* afslag.gpx */; };
		7DF6E91C1C78A880002B11BC /* n402Li.gpx in Resources */ = {isa = PBXBuildFile; fileRef = 7DF6E9111C78A880002B11BC /* n402Li.gpx */; };
		7DF6E91D1C78A880002B11BC /* n402Re.gpx in Resources */ = {isa = PBXBuildFile; fileRef = 7DF6E9121C78A880002B11BC /* n402Re.gpx */; };
		7DF6E91E1C78A880002B11BC /* N419Li.gpx in Resources */ = {isa = PBXBuildFile; fileRef = 7DF6E9131C78A880002B11BC /* N419Li.gpx */; };
		7DF6E91F1C78A880002B11BC /* oprit.gpx in Resources */ = {isa = PBXBuildFile; fileRef = 7DF6E9141C78A880002B11BC /* oprit.gpx */; };
		7DF6E9221C78EFAF002B11BC /* BigButton.m in Sources */ = {isa = PBXBuildFile; fileRef = 7DF6E9211C78EFAF002B11BC /* BigButton.m */; };
		7DF6E9251C790149002B11BC /* highway-919073_1280.jpg in Resources */ = {isa = PBXBuildFile; fileRef = 7DF6E9241C790149002B11BC /* highway-919073_1280.jpg */; };
		7DF6E94F1C79080A002B11BC /* iTunesArtwork in Resources */ = {isa = PBXBuildFile; fileRef = 7DF6E94D1C79080A002B11BC /* iTunesArtwork */; };
		7DF6E9501C79080A002B11BC /* iTunesArtwork@2x in Resources */ = {isa = PBXBuildFile; fileRef = 7DF6E94E1C79080A002B11BC /* iTunesArtwork@2x */; };
		7DFDBACC1C79AAB000A42B53 /* MulticolorPolylineSegment.m in Sources */ = {isa = PBXBuildFile; fileRef = 7DFDBACB1C79AAB000A42B53 /* MulticolorPolylineSegment.m */; };
		7DFDBACF1C79B2FE00A42B53 /* LeftMenuTableViewController.m in Sources */ = {isa = PBXBuildFile; fileRef = 7DFDBACE1C79B2FE00A42B53 /* LeftMenuTableViewController.m */; };
		7DFDBAD31C79B86A00A42B53 /* MainViewController.m in Sources */ = {isa = PBXBuildFile; fileRef = 7DFDBAD21C79B86A00A42B53 /* MainViewController.m */; };
		7DFDBAD61C79B88500A42B53 /* MainSlidingAnimationcontroller.m in Sources */ = {isa = PBXBuildFile; fileRef = 7DFDBAD51C79B88500A42B53 /* MainSlidingAnimationcontroller.m */; };
		7DFDBAD91C79BB4700A42B53 /* ActivityTableViewController.m in Sources */ = {isa = PBXBuildFile; fileRef = 7DFDBAD81C79BB4700A42B53 /* ActivityTableViewController.m */; };
		7DFDBADD1C79C04400A42B53 /* menu@3x.png in Resources */ = {isa = PBXBuildFile; fileRef = 7DFDBADA1C79C04400A42B53 /* menu@3x.png */; };
		7DFDBADE1C79C04400A42B53 /* menu@2x.png in Resources */ = {isa = PBXBuildFile; fileRef = 7DFDBADB1C79C04400A42B53 /* menu@2x.png */; };
		7DFDBADF1C79C04400A42B53 /* menu.png in Resources */ = {isa = PBXBuildFile; fileRef = 7DFDBADC1C79C04400A42B53 /* menu.png */; };
		7DFDBAE61C79C45C00A42B53 /* clock.png in Resources */ = {isa = PBXBuildFile; fileRef = 7DFDBAE01C79C45C00A42B53 /* clock.png */; };
		7DFDBAE71C79C45C00A42B53 /* clock@2x.png in Resources */ = {isa = PBXBuildFile; fileRef = 7DFDBAE11C79C45C00A42B53 /* clock@2x.png */; };
		7DFDBAE81C79C45C00A42B53 /* clock@3x.png in Resources */ = {isa = PBXBuildFile; fileRef = 7DFDBAE21C79C45C00A42B53 /* clock@3x.png */; };
		7DFDBAE91C79C45C00A42B53 /* home.png in Resources */ = {isa = PBXBuildFile; fileRef = 7DFDBAE31C79C45C00A42B53 /* home.png */; };
		7DFDBAEA1C79C45C00A42B53 /* home@2x.png in Resources */ = {isa = PBXBuildFile; fileRef = 7DFDBAE41C79C45C00A42B53 /* home@2x.png */; };
		7DFDBAEB1C79C45C00A42B53 /* home@3x.png in Resources */ = {isa = PBXBuildFile; fileRef = 7DFDBAE51C79C45C00A42B53 /* home@3x.png */; };
		7DFDBAEE1C79DC2D00A42B53 /* LeftMenuHeaderView.m in Sources */ = {isa = PBXBuildFile; fileRef = 7DFDBAED1C79DC2D00A42B53 /* LeftMenuHeaderView.m */; };
		7DFDBAF01C79DC3B00A42B53 /* LeftMenuHeaderView.xib in Resources */ = {isa = PBXBuildFile; fileRef = 7DFDBAEF1C79DC3B00A42B53 /* LeftMenuHeaderView.xib */; };
		7DFDBB111C7A3CA000A42B53 /* Reachability.m in Sources */ = {isa = PBXBuildFile; fileRef = 7DFDBB101C7A3CA000A42B53 /* Reachability.m */; };
		9B8DA573867949B0140D31BB /* libPods-GoTime.a in Frameworks */ = {isa = PBXBuildFile; fileRef = 26F9E318166A0D5DA1414557 /* libPods-GoTime.a */; };
/* End PBXBuildFile section */

/* Begin PBXFileReference section */
		237B57568BBE8A3A687D50B8 /* Pods-GoTime.debug.xcconfig */ = {isa = PBXFileReference; includeInIndex = 1; lastKnownFileType = text.xcconfig; name = "Pods-GoTime.debug.xcconfig"; path = "Pods/Target Support Files/Pods-GoTime/Pods-GoTime.debug.xcconfig"; sourceTree = "<group>"; };
		26F9E318166A0D5DA1414557 /* libPods-GoTime.a */ = {isa = PBXFileReference; explicitFileType = archive.ar; includeInIndex = 0; path = "libPods-GoTime.a"; sourceTree = BUILT_PRODUCTS_DIR; };
		5C37EDA596C16D0F537BD281 /* Pods-GoTime.release.xcconfig */ = {isa = PBXFileReference; includeInIndex = 1; lastKnownFileType = text.xcconfig; name = "Pods-GoTime.release.xcconfig"; path = "Pods/Target Support Files/Pods-GoTime/Pods-GoTime.release.xcconfig"; sourceTree = "<group>"; };
		7D94C9821C7639E6004E52A6 /* Go Time.app */ = {isa = PBXFileReference; explicitFileType = wrapper.application; includeInIndex = 0; path = "Go Time.app"; sourceTree = BUILT_PRODUCTS_DIR; };
		7D94C9861C7639E6004E52A6 /* main.m */ = {isa = PBXFileReference; lastKnownFileType = sourcecode.c.objc; path = main.m; sourceTree = "<group>"; };
		7D94C9881C7639E6004E52A6 /* AppDelegate.h */ = {isa = PBXFileReference; lastKnownFileType = sourcecode.c.h; path = AppDelegate.h; sourceTree = "<group>"; };
		7D94C9891C7639E6004E52A6 /* AppDelegate.m */ = {isa = PBXFileReference; lastKnownFileType = sourcecode.c.objc; path = AppDelegate.m; sourceTree = "<group>"; };
		7D94C98B1C7639E6004E52A6 /* HomeViewController.h */ = {isa = PBXFileReference; lastKnownFileType = sourcecode.c.h; path = HomeViewController.h; sourceTree = "<group>"; };
		7D94C98C1C7639E6004E52A6 /* HomeViewController.m */ = {isa = PBXFileReference; lastKnownFileType = sourcecode.c.objc; path = HomeViewController.m; sourceTree = "<group>"; };
		7D94C98F1C7639E6004E52A6 /* Base */ = {isa = PBXFileReference; lastKnownFileType = file.storyboard; name = Base; path = Base.lproj/Main.storyboard; sourceTree = "<group>"; };
		7D94C9911C7639E6004E52A6 /* Assets.xcassets */ = {isa = PBXFileReference; lastKnownFileType = folder.assetcatalog; path = Assets.xcassets; sourceTree = "<group>"; };
		7D94C9941C7639E6004E52A6 /* Base */ = {isa = PBXFileReference; lastKnownFileType = file.storyboard; name = Base; path = Base.lproj/LaunchScreen.storyboard; sourceTree = "<group>"; };
		7D94C9961C7639E6004E52A6 /* Info.plist */ = {isa = PBXFileReference; lastKnownFileType = text.plist.xml; path = Info.plist; sourceTree = "<group>"; };
		7D94C99E1C763AE3004E52A6 /* LivePathDatabase.xcdatamodel */ = {isa = PBXFileReference; lastKnownFileType = wrapper.xcdatamodel; path = LivePathDatabase.xcdatamodel; sourceTree = "<group>"; };
		7D94C9A11C763D90004E52A6 /* MapKit.framework */ = {isa = PBXFileReference; lastKnownFileType = wrapper.framework; name = MapKit.framework; path = System/Library/Frameworks/MapKit.framework; sourceTree = SDKROOT; };
		7D94C9A81C7645B3004E52A6 /* BaseModel.h */ = {isa = PBXFileReference; fileEncoding = 4; lastKnownFileType = sourcecode.c.h; path = BaseModel.h; sourceTree = "<group>"; };
		7D94C9A91C7645B3004E52A6 /* BaseModel.m */ = {isa = PBXFileReference; fileEncoding = 4; lastKnownFileType = sourcecode.c.objc; path = BaseModel.m; sourceTree = "<group>"; };
		7D94C9AB1C764612004E52A6 /* _LocationModel.h */ = {isa = PBXFileReference; fileEncoding = 4; lastKnownFileType = sourcecode.c.h; path = _LocationModel.h; sourceTree = "<group>"; };
		7D94C9AC1C764612004E52A6 /* _PathModel.h */ = {isa = PBXFileReference; fileEncoding = 4; lastKnownFileType = sourcecode.c.h; path = _PathModel.h; sourceTree = "<group>"; };
		7D94C9AD1C764612004E52A6 /* LocationModel.h */ = {isa = PBXFileReference; fileEncoding = 4; lastKnownFileType = sourcecode.c.h; path = LocationModel.h; sourceTree = "<group>"; };
		7D94C9AE1C764612004E52A6 /* LocationModel.m */ = {isa = PBXFileReference; fileEncoding = 4; lastKnownFileType = sourcecode.c.objc; path = LocationModel.m; sourceTree = "<group>"; };
		7D94C9AF1C764612004E52A6 /* PathModel.h */ = {isa = PBXFileReference; fileEncoding = 4; lastKnownFileType = sourcecode.c.h; path = PathModel.h; sourceTree = "<group>"; };
		7D94C9B01C764612004E52A6 /* PathModel.m */ = {isa = PBXFileReference; fileEncoding = 4; lastKnownFileType = sourcecode.c.objc; path = PathModel.m; sourceTree = "<group>"; };
		7D94C9B11C764612004E52A6 /* _LocationModel.m */ = {isa = PBXFileReference; fileEncoding = 4; lastKnownFileType = sourcecode.c.objc; path = _LocationModel.m; sourceTree = "<group>"; };
		7D94C9B21C764612004E52A6 /* _PathModel.m */ = {isa = PBXFileReference; fileEncoding = 4; lastKnownFileType = sourcecode.c.objc; path = _PathModel.m; sourceTree = "<group>"; };
		7D94C9B91C76468A004E52A6 /* LivePathTrackerTheme.h */ = {isa = PBXFileReference; fileEncoding = 4; lastKnownFileType = sourcecode.c.h; path = LivePathTrackerTheme.h; sourceTree = "<group>"; };
		7D94C9BA1C76468A004E52A6 /* LivePathTrackerTheme.m */ = {isa = PBXFileReference; fileEncoding = 4; lastKnownFileType = sourcecode.c.objc; path = LivePathTrackerTheme.m; sourceTree = "<group>"; };
		7D94C9BC1C7646FD004E52A6 /* UIColor+Theme.h */ = {isa = PBXFileReference; fileEncoding = 4; lastKnownFileType = sourcecode.c.h; path = "UIColor+Theme.h"; sourceTree = "<group>"; };
		7D94C9BD1C7646FD004E52A6 /* UIColor+Theme.m */ = {isa = PBXFileReference; fileEncoding = 4; lastKnownFileType = sourcecode.c.objc; path = "UIColor+Theme.m"; sourceTree = "<group>"; };
		7D94C9BE1C7646FD004E52A6 /* UIFont+Theme.h */ = {isa = PBXFileReference; fileEncoding = 4; lastKnownFileType = sourcecode.c.h; path = "UIFont+Theme.h"; sourceTree = "<group>"; };
		7D94C9BF1C7646FD004E52A6 /* UIFont+Theme.m */ = {isa = PBXFileReference; fileEncoding = 4; lastKnownFileType = sourcecode.c.objc; path = "UIFont+Theme.m"; sourceTree = "<group>"; };
		7D94C9C31C764789004E52A6 /* TitleLabel.h */ = {isa = PBXFileReference; fileEncoding = 4; lastKnownFileType = sourcecode.c.h; path = TitleLabel.h; sourceTree = "<group>"; };
		7D94C9C41C764789004E52A6 /* TitleLabel.m */ = {isa = PBXFileReference; fileEncoding = 4; lastKnownFileType = sourcecode.c.objc; path = TitleLabel.m; sourceTree = "<group>"; };
		7D94C9C61C765506004E52A6 /* PathViewController.h */ = {isa = PBXFileReference; fileEncoding = 4; lastKnownFileType = sourcecode.c.h; path = PathViewController.h; sourceTree = "<group>"; };
		7D94C9C71C765506004E52A6 /* PathViewController.m */ = {isa = PBXFileReference; fileEncoding = 4; lastKnownFileType = sourcecode.c.objc; path = PathViewController.m; sourceTree = "<group>"; };
		7D94C9CA1C7663B9004E52A6 /* Utility.h */ = {isa = PBXFileReference; fileEncoding = 4; lastKnownFileType = sourcecode.c.h; path = Utility.h; sourceTree = "<group>"; };
		7D94C9CB1C7663B9004E52A6 /* Utility.m */ = {isa = PBXFileReference; fileEncoding = 4; lastKnownFileType = sourcecode.c.objc; path = Utility.m; sourceTree = "<group>"; };
		7DF6E9061C789090002B11BC /* DetailViewController.h */ = {isa = PBXFileReference; fileEncoding = 4; lastKnownFileType = sourcecode.c.h; path = DetailViewController.h; sourceTree = "<group>"; };
		7DF6E9071C789090002B11BC /* DetailViewController.m */ = {isa = PBXFileReference; fileEncoding = 4; lastKnownFileType = sourcecode.c.objc; path = DetailViewController.m; sourceTree = "<group>"; };
		7DF6E90A1C78A880002B11BC /* A2Li.gpx */ = {isa = PBXFileReference; fileEncoding = 4; lastKnownFileType = text.xml; path = A2Li.gpx; sourceTree = "<group>"; };
		7DF6E90B1C78A880002B11BC /* A2LiToA9Re.gpx */ = {isa = PBXFileReference; fileEncoding = 4; lastKnownFileType = text.xml; path = A2LiToA9Re.gpx; sourceTree = "<group>"; };
		7DF6E90C1C78A880002B11BC /* A2Re.gpx */ = {isa = PBXFileReference; fileEncoding = 4; lastKnownFileType = text.xml; path = A2Re.gpx; sourceTree = "<group>"; };
		7DF6E90D1C78A880002B11BC /* A2ReLong.gpx */ = {isa = PBXFileReference; fileEncoding = 4; lastKnownFileType = text.xml; path = A2ReLong.gpx; sourceTree = "<group>"; };
		7DF6E90E1C78A880002B11BC /* A2ReTest.gpx */ = {isa = PBXFileReference; fileEncoding = 4; lastKnownFileType = text.xml; path = A2ReTest.gpx; sourceTree = "<group>"; };
		7DF6E90F1C78A880002B11BC /* A12.gpx */ = {isa = PBXFileReference; fileEncoding = 4; lastKnownFileType = text.xml; path = A12.gpx; sourceTree = "<group>"; };
		7DF6E9101C78A880002B11BC /* afslag.gpx */ = {isa = PBXFileReference; fileEncoding = 4; lastKnownFileType = text.xml; path = afslag.gpx; sourceTree = "<group>"; };
		7DF6E9111C78A880002B11BC /* n402Li.gpx */ = {isa = PBXFileReference; fileEncoding = 4; lastKnownFileType = text.xml; path = n402Li.gpx; sourceTree = "<group>"; };
		7DF6E9121C78A880002B11BC /* n402Re.gpx */ = {isa = PBXFileReference; fileEncoding = 4; lastKnownFileType = text.xml; path = n402Re.gpx; sourceTree = "<group>"; };
		7DF6E9131C78A880002B11BC /* N419Li.gpx */ = {isa = PBXFileReference; fileEncoding = 4; lastKnownFileType = text.xml; path = N419Li.gpx; sourceTree = "<group>"; };
		7DF6E9141C78A880002B11BC /* oprit.gpx */ = {isa = PBXFileReference; fileEncoding = 4; lastKnownFileType = text.xml; path = oprit.gpx; sourceTree = "<group>"; };
		7DF6E9201C78EFAF002B11BC /* BigButton.h */ = {isa = PBXFileReference; fileEncoding = 4; lastKnownFileType = sourcecode.c.h; path = BigButton.h; sourceTree = "<group>"; };
		7DF6E9211C78EFAF002B11BC /* BigButton.m */ = {isa = PBXFileReference; fileEncoding = 4; lastKnownFileType = sourcecode.c.objc; path = BigButton.m; sourceTree = "<group>"; };
		7DF6E9241C790149002B11BC /* highway-919073_1280.jpg */ = {isa = PBXFileReference; lastKnownFileType = image.jpeg; path = "highway-919073_1280.jpg"; sourceTree = "<group>"; };
		7DF6E94D1C79080A002B11BC /* iTunesArtwork */ = {isa = PBXFileReference; lastKnownFileType = file; path = iTunesArtwork; sourceTree = "<group>"; };
		7DF6E94E1C79080A002B11BC /* iTunesArtwork@2x */ = {isa = PBXFileReference; lastKnownFileType = file; path = "iTunesArtwork@2x"; sourceTree = "<group>"; };
		7DFDBACA1C79AAB000A42B53 /* MulticolorPolylineSegment.h */ = {isa = PBXFileReference; fileEncoding = 4; lastKnownFileType = sourcecode.c.h; path = MulticolorPolylineSegment.h; sourceTree = "<group>"; };
		7DFDBACB1C79AAB000A42B53 /* MulticolorPolylineSegment.m */ = {isa = PBXFileReference; fileEncoding = 4; lastKnownFileType = sourcecode.c.objc; path = MulticolorPolylineSegment.m; sourceTree = "<group>"; };
		7DFDBACD1C79B2FE00A42B53 /* LeftMenuTableViewController.h */ = {isa = PBXFileReference; fileEncoding = 4; lastKnownFileType = sourcecode.c.h; path = LeftMenuTableViewController.h; sourceTree = "<group>"; };
		7DFDBACE1C79B2FE00A42B53 /* LeftMenuTableViewController.m */ = {isa = PBXFileReference; fileEncoding = 4; lastKnownFileType = sourcecode.c.objc; path = LeftMenuTableViewController.m; sourceTree = "<group>"; };
		7DFDBAD11C79B86A00A42B53 /* MainViewController.h */ = {isa = PBXFileReference; fileEncoding = 4; lastKnownFileType = sourcecode.c.h; path = MainViewController.h; sourceTree = "<group>"; };
		7DFDBAD21C79B86A00A42B53 /* MainViewController.m */ = {isa = PBXFileReference; fileEncoding = 4; lastKnownFileType = sourcecode.c.objc; path = MainViewController.m; sourceTree = "<group>"; };
		7DFDBAD41C79B88500A42B53 /* MainSlidingAnimationcontroller.h */ = {isa = PBXFileReference; fileEncoding = 4; lastKnownFileType = sourcecode.c.h; path = MainSlidingAnimationcontroller.h; sourceTree = "<group>"; };
		7DFDBAD51C79B88500A42B53 /* MainSlidingAnimationcontroller.m */ = {isa = PBXFileReference; fileEncoding = 4; lastKnownFileType = sourcecode.c.objc; path = MainSlidingAnimationcontroller.m; sourceTree = "<group>"; };
		7DFDBAD71C79BB4700A42B53 /* ActivityTableViewController.h */ = {isa = PBXFileReference; fileEncoding = 4; lastKnownFileType = sourcecode.c.h; path = ActivityTableViewController.h; sourceTree = "<group>"; };
		7DFDBAD81C79BB4700A42B53 /* ActivityTableViewController.m */ = {isa = PBXFileReference; fileEncoding = 4; lastKnownFileType = sourcecode.c.objc; path = ActivityTableViewController.m; sourceTree = "<group>"; };
		7DFDBADA1C79C04400A42B53 /* menu@3x.png */ = {isa = PBXFileReference; lastKnownFileType = image.png; path = "menu@3x.png"; sourceTree = "<group>"; };
		7DFDBADB1C79C04400A42B53 /* menu@2x.png */ = {isa = PBXFileReference; lastKnownFileType = image.png; path = "menu@2x.png"; sourceTree = "<group>"; };
		7DFDBADC1C79C04400A42B53 /* menu.png */ = {isa = PBXFileReference; lastKnownFileType = image.png; path = menu.png; sourceTree = "<group>"; };
		7DFDBAE01C79C45C00A42B53 /* clock.png */ = {isa = PBXFileReference; lastKnownFileType = image.png; path = clock.png; sourceTree = "<group>"; };
		7DFDBAE11C79C45C00A42B53 /* clock@2x.png */ = {isa = PBXFileReference; lastKnownFileType = image.png; path = "clock@2x.png"; sourceTree = "<group>"; };
		7DFDBAE21C79C45C00A42B53 /* clock@3x.png */ = {isa = PBXFileReference; lastKnownFileType = image.png; path = "clock@3x.png"; sourceTree = "<group>"; };
		7DFDBAE31C79C45C00A42B53 /* home.png */ = {isa = PBXFileReference; lastKnownFileType = image.png; path = home.png; sourceTree = "<group>"; };
		7DFDBAE41C79C45C00A42B53 /* home@2x.png */ = {isa = PBXFileReference; lastKnownFileType = image.png; path = "home@2x.png"; sourceTree = "<group>"; };
		7DFDBAE51C79C45C00A42B53 /* home@3x.png */ = {isa = PBXFileReference; lastKnownFileType = image.png; path = "home@3x.png"; sourceTree = "<group>"; };
		7DFDBAEC1C79DC2D00A42B53 /* LeftMenuHeaderView.h */ = {isa = PBXFileReference; fileEncoding = 4; lastKnownFileType = sourcecode.c.h; path = LeftMenuHeaderView.h; sourceTree = "<group>"; };
		7DFDBAED1C79DC2D00A42B53 /* LeftMenuHeaderView.m */ = {isa = PBXFileReference; fileEncoding = 4; lastKnownFileType = sourcecode.c.objc; path = LeftMenuHeaderView.m; sourceTree = "<group>"; };
		7DFDBAEF1C79DC3B00A42B53 /* LeftMenuHeaderView.xib */ = {isa = PBXFileReference; fileEncoding = 4; lastKnownFileType = file.xib; path = LeftMenuHeaderView.xib; sourceTree = "<group>"; };
		7DFDBB0F1C7A3CA000A42B53 /* Reachability.h */ = {isa = PBXFileReference; fileEncoding = 4; lastKnownFileType = sourcecode.c.h; path = Reachability.h; sourceTree = "<group>"; };
		7DFDBB101C7A3CA000A42B53 /* Reachability.m */ = {isa = PBXFileReference; fileEncoding = 4; lastKnownFileType = sourcecode.c.objc; path = Reachability.m; sourceTree = "<group>"; };
/* End PBXFileReference section */

/* Begin PBXFrameworksBuildPhase section */
		7D94C97F1C7639E6004E52A6 /* Frameworks */ = {
			isa = PBXFrameworksBuildPhase;
			buildActionMask = 2147483647;
			files = (
				7D94C9A21C763D90004E52A6 /* MapKit.framework in Frameworks */,
				9B8DA573867949B0140D31BB /* libPods-GoTime.a in Frameworks */,
			);
			runOnlyForDeploymentPostprocessing = 0;
		};
/* End PBXFrameworksBuildPhase section */

/* Begin PBXGroup section */
		1C05FC6E1324F7CAF17D8A43 /* Frameworks */ = {
			isa = PBXGroup;
			children = (
				26F9E318166A0D5DA1414557 /* libPods-GoTime.a */,
			);
			name = Frameworks;
			sourceTree = "<group>";
		};
		7D94C9791C7639E6004E52A6 = {
			isa = PBXGroup;
			children = (
				7D94C9A11C763D90004E52A6 /* MapKit.framework */,
				7D94C9841C7639E6004E52A6 /* LivePathTracker */,
				7D94C9831C7639E6004E52A6 /* Products */,
				E3AA0948B810E10CC7A4CAFF /* Pods */,
				1C05FC6E1324F7CAF17D8A43 /* Frameworks */,
			);
			sourceTree = "<group>";
		};
		7D94C9831C7639E6004E52A6 /* Products */ = {
			isa = PBXGroup;
			children = (
				7D94C9821C7639E6004E52A6 /* Go Time.app */,
			);
			name = Products;
			sourceTree = "<group>";
		};
		7D94C9841C7639E6004E52A6 /* LivePathTracker */ = {
			isa = PBXGroup;
			children = (
				7DFDBB0E1C7A3C9800A42B53 /* Reachability */,
				7DF6E9231C79013F002B11BC /* Images */,
				7DF6E9091C78A868002B11BC /* GPX */,
				7D94C9C91C7663A5004E52A6 /* Utils */,
				7D94C9C21C764768004E52A6 /* CustomViews */,
				7D94C9B71C764665004E52A6 /* Theme */,
				7D94C99C1C763AB5004E52A6 /* Model */,
				7DFDBAD01C79B6FB00A42B53 /* Controllers */,
				7D94C9881C7639E6004E52A6 /* AppDelegate.h */,
				7D94C9891C7639E6004E52A6 /* AppDelegate.m */,
				7D94C98E1C7639E6004E52A6 /* Main.storyboard */,
				7D94C9911C7639E6004E52A6 /* Assets.xcassets */,
				7D94C9931C7639E6004E52A6 /* LaunchScreen.storyboard */,
				7D94C9961C7639E6004E52A6 /* Info.plist */,
				7D94C9851C7639E6004E52A6 /* Supporting Files */,
				7DF6E94D1C79080A002B11BC /* iTunesArtwork */,
				7DF6E94E1C79080A002B11BC /* iTunesArtwork@2x */,
			);
			path = LivePathTracker;
			sourceTree = "<group>";
		};
		7D94C9851C7639E6004E52A6 /* Supporting Files */ = {
			isa = PBXGroup;
			children = (
				7D94C9861C7639E6004E52A6 /* main.m */,
			);
			name = "Supporting Files";
			sourceTree = "<group>";
		};
		7D94C99C1C763AB5004E52A6 /* Model */ = {
			isa = PBXGroup;
			children = (
				7D94C99D1C763AE3004E52A6 /* LivePathDatabase.xcdatamodeld */,
				7D94C9A01C763B18004E52A6 /* Objects */,
			);
			path = Model;
			sourceTree = "<group>";
		};
		7D94C9A01C763B18004E52A6 /* Objects */ = {
			isa = PBXGroup;
			children = (
				7D94C9AB1C764612004E52A6 /* _LocationModel.h */,
				7D94C9B11C764612004E52A6 /* _LocationModel.m */,
				7D94C9AC1C764612004E52A6 /* _PathModel.h */,
				7D94C9B21C764612004E52A6 /* _PathModel.m */,
				7D94C9AD1C764612004E52A6 /* LocationModel.h */,
				7D94C9AE1C764612004E52A6 /* LocationModel.m */,
				7D94C9AF1C764612004E52A6 /* PathModel.h */,
				7D94C9B01C764612004E52A6 /* PathModel.m */,
				7D94C9A81C7645B3004E52A6 /* BaseModel.h */,
				7D94C9A91C7645B3004E52A6 /* BaseModel.m */,
			);
			path = Objects;
			sourceTree = "<group>";
		};
		7D94C9B71C764665004E52A6 /* Theme */ = {
			isa = PBXGroup;
			children = (
				7D94C9B91C76468A004E52A6 /* LivePathTrackerTheme.h */,
				7D94C9BA1C76468A004E52A6 /* LivePathTrackerTheme.m */,
				7D94C9BC1C7646FD004E52A6 /* UIColor+Theme.h */,
				7D94C9BD1C7646FD004E52A6 /* UIColor+Theme.m */,
				7D94C9BE1C7646FD004E52A6 /* UIFont+Theme.h */,
				7D94C9BF1C7646FD004E52A6 /* UIFont+Theme.m */,
			);
			path = Theme;
			sourceTree = "<group>";
		};
		7D94C9C21C764768004E52A6 /* CustomViews */ = {
			isa = PBXGroup;
			children = (
				7D94C9C31C764789004E52A6 /* TitleLabel.h */,
				7D94C9C41C764789004E52A6 /* TitleLabel.m */,
				7DF6E9201C78EFAF002B11BC /* BigButton.h */,
				7DF6E9211C78EFAF002B11BC /* BigButton.m */,
				7DFDBACA1C79AAB000A42B53 /* MulticolorPolylineSegment.h */,
				7DFDBACB1C79AAB000A42B53 /* MulticolorPolylineSegment.m */,
				7DFDBAEC1C79DC2D00A42B53 /* LeftMenuHeaderView.h */,
				7DFDBAED1C79DC2D00A42B53 /* LeftMenuHeaderView.m */,
				7DFDBAEF1C79DC3B00A42B53 /* LeftMenuHeaderView.xib */,
			);
			path = CustomViews;
			sourceTree = "<group>";
		};
		7D94C9C91C7663A5004E52A6 /* Utils */ = {
			isa = PBXGroup;
			children = (
				7D94C9CA1C7663B9004E52A6 /* Utility.h */,
				7D94C9CB1C7663B9004E52A6 /* Utility.m */,
			);
			path = Utils;
			sourceTree = "<group>";
		};
		7DF6E9091C78A868002B11BC /* GPX */ = {
			isa = PBXGroup;
			children = (
				7DF6E90A1C78A880002B11BC /* A2Li.gpx */,
				7DF6E90B1C78A880002B11BC /* A2LiToA9Re.gpx */,
				7DF6E90C1C78A880002B11BC /* A2Re.gpx */,
				7DF6E90D1C78A880002B11BC /* A2ReLong.gpx */,
				7DF6E90E1C78A880002B11BC /* A2ReTest.gpx */,
				7DF6E90F1C78A880002B11BC /* A12.gpx */,
				7DF6E9101C78A880002B11BC /* afslag.gpx */,
				7DF6E9111C78A880002B11BC /* n402Li.gpx */,
				7DF6E9121C78A880002B11BC /* n402Re.gpx */,
				7DF6E9131C78A880002B11BC /* N419Li.gpx */,
				7DF6E9141C78A880002B11BC /* oprit.gpx */,
			);
			path = GPX;
			sourceTree = "<group>";
		};
		7DF6E9231C79013F002B11BC /* Images */ = {
			isa = PBXGroup;
			children = (
				7DFDBAE01C79C45C00A42B53 /* clock.png */,
				7DFDBAE11C79C45C00A42B53 /* clock@2x.png */,
				7DFDBAE21C79C45C00A42B53 /* clock@3x.png */,
				7DFDBAE31C79C45C00A42B53 /* home.png */,
				7DFDBAE41C79C45C00A42B53 /* home@2x.png */,
				7DFDBAE51C79C45C00A42B53 /* home@3x.png */,
				7DFDBADA1C79C04400A42B53 /* menu@3x.png */,
				7DFDBADB1C79C04400A42B53 /* menu@2x.png */,
				7DFDBADC1C79C04400A42B53 /* menu.png */,
				7DF6E9241C790149002B11BC /* highway-919073_1280.jpg */,
			);
			path = Images;
			sourceTree = "<group>";
		};
		7DFDBAD01C79B6FB00A42B53 /* Controllers */ = {
			isa = PBXGroup;
			children = (
				7D94C98B1C7639E6004E52A6 /* HomeViewController.h */,
				7D94C98C1C7639E6004E52A6 /* HomeViewController.m */,
				7D94C9C61C765506004E52A6 /* PathViewController.h */,
				7D94C9C71C765506004E52A6 /* PathViewController.m */,
				7DF6E9061C789090002B11BC /* DetailViewController.h */,
				7DF6E9071C789090002B11BC /* DetailViewController.m */,
				7DFDBACD1C79B2FE00A42B53 /* LeftMenuTableViewController.h */,
				7DFDBACE1C79B2FE00A42B53 /* LeftMenuTableViewController.m */,
				7DFDBAD11C79B86A00A42B53 /* MainViewController.h */,
				7DFDBAD21C79B86A00A42B53 /* MainViewController.m */,
				7DFDBAD41C79B88500A42B53 /* MainSlidingAnimationcontroller.h */,
				7DFDBAD51C79B88500A42B53 /* MainSlidingAnimationcontroller.m */,
				7DFDBAD71C79BB4700A42B53 /* ActivityTableViewController.h */,
				7DFDBAD81C79BB4700A42B53 /* ActivityTableViewController.m */,
			);
			name = Controllers;
			sourceTree = "<group>";
		};
		7DFDBB0E1C7A3C9800A42B53 /* Reachability */ = {
			isa = PBXGroup;
			children = (
				7DFDBB0F1C7A3CA000A42B53 /* Reachability.h */,
				7DFDBB101C7A3CA000A42B53 /* Reachability.m */,
			);
			path = Reachability;
			sourceTree = "<group>";
		};
		E3AA0948B810E10CC7A4CAFF /* Pods */ = {
			isa = PBXGroup;
			children = (
				237B57568BBE8A3A687D50B8 /* Pods-GoTime.debug.xcconfig */,
				5C37EDA596C16D0F537BD281 /* Pods-GoTime.release.xcconfig */,
			);
			name = Pods;
			sourceTree = "<group>";
		};
/* End PBXGroup section */

/* Begin PBXNativeTarget section */
		7D94C9811C7639E6004E52A6 /* GoTime */ = {
			isa = PBXNativeTarget;
			buildConfigurationList = 7D94C9991C7639E6004E52A6 /* Build configuration list for PBXNativeTarget "GoTime" */;
			buildPhases = (
				141FB9F05E22673BF49EDDB7 /* Check Pods Manifest.lock */,
				7D94C97E1C7639E6004E52A6 /* Sources */,
				7D94C97F1C7639E6004E52A6 /* Frameworks */,
				7D94C9801C7639E6004E52A6 /* Resources */,
				CF49FC777688134C92159128 /* Embed Pods Frameworks */,
				8B80039A575E5C184D46A17B /* Copy Pods Resources */,
			);
			buildRules = (
			);
			dependencies = (
			);
			name = GoTime;
			productName = LivePathTracker;
			productReference = 7D94C9821C7639E6004E52A6 /* Go Time.app */;
			productType = "com.apple.product-type.application";
		};
/* End PBXNativeTarget section */

/* Begin PBXProject section */
		7D94C97A1C7639E6004E52A6 /* Project object */ = {
			isa = PBXProject;
			attributes = {
				LastUpgradeCheck = 0720;
				ORGANIZATIONNAME = "Nabeel Arif";
				TargetAttributes = {
					7D94C9811C7639E6004E52A6 = {
						CreatedOnToolsVersion = 7.2;
						DevelopmentTeam = 9FH974544H;
						SystemCapabilities = {
							com.apple.BackgroundModes = {
								enabled = 1;
							};
						};
					};
					7D94C9A31C7642AA004E52A6 = {
						CreatedOnToolsVersion = 7.2;
					};
				};
			};
			buildConfigurationList = 7D94C97D1C7639E6004E52A6 /* Build configuration list for PBXProject "LivePathTracker" */;
			compatibilityVersion = "Xcode 3.2";
			developmentRegion = English;
			hasScannedForEncodings = 0;
			knownRegions = (
				en,
				Base,
			);
			mainGroup = 7D94C9791C7639E6004E52A6;
			productRefGroup = 7D94C9831C7639E6004E52A6 /* Products */;
			projectDirPath = "";
			projectRoot = "";
			targets = (
				7D94C9811C7639E6004E52A6 /* GoTime */,
				7D94C9A31C7642AA004E52A6 /* Mogenerator */,
			);
		};
/* End PBXProject section */

/* Begin PBXResourcesBuildPhase section */
		7D94C9801C7639E6004E52A6 /* Resources */ = {
			isa = PBXResourcesBuildPhase;
			buildActionMask = 2147483647;
			files = (
				7DFDBAEA1C79C45C00A42B53 /* home@2x.png in Resources */,
				7DF6E9161C78A880002B11BC /* A2LiToA9Re.gpx in Resources */,
				7D94C9951C7639E6004E52A6 /* LaunchScreen.storyboard in Resources */,
				7DF6E91D1C78A880002B11BC /* n402Re.gpx in Resources */,
				7DF6E9151C78A880002B11BC /* A2Li.gpx in Resources */,
				7DFDBADE1C79C04400A42B53 /* menu@2x.png in Resources */,
				7DF6E9501C79080A002B11BC /* iTunesArtwork@2x in Resources */,
				7DF6E9191C78A880002B11BC /* A2ReTest.gpx in Resources */,
				7DF6E9171C78A880002B11BC /* A2Re.gpx in Resources */,
				7DF6E94F1C79080A002B11BC /* iTunesArtwork in Resources */,
				7DFDBAEB1C79C45C00A42B53 /* home@3x.png in Resources */,
				7DF6E91F1C78A880002B11BC /* oprit.gpx in Resources */,
				7DF6E9181C78A880002B11BC /* A2ReLong.gpx in Resources */,
				7DF6E91C1C78A880002B11BC /* n402Li.gpx in Resources */,
				7DFDBAE61C79C45C00A42B53 /* clock.png in Resources */,
				7DF6E91E1C78A880002B11BC /* N419Li.gpx in Resources */,
				7DF6E9251C790149002B11BC /* highway-919073_1280.jpg in Resources */,
				7DFDBAF01C79DC3B00A42B53 /* LeftMenuHeaderView.xib in Resources */,
				7DF6E91A1C78A880002B11BC /* A12.gpx in Resources */,
				7DF6E91B1C78A880002B11BC /* afslag.gpx in Resources */,
				7DFDBADF1C79C04400A42B53 /* menu.png in Resources */,
				7DFDBAE81C79C45C00A42B53 /* clock@3x.png in Resources */,
				7D94C9921C7639E6004E52A6 /* Assets.xcassets in Resources */,
				7DFDBAE91C79C45C00A42B53 /* home.png in Resources */,
				7DFDBADD1C79C04400A42B53 /* menu@3x.png in Resources */,
				7D94C9901C7639E6004E52A6 /* Main.storyboard in Resources */,
				7DFDBAE71C79C45C00A42B53 /* clock@2x.png in Resources */,
			);
			runOnlyForDeploymentPostprocessing = 0;
		};
/* End PBXResourcesBuildPhase section */

/* Begin PBXShellScriptBuildPhase section */
		141FB9F05E22673BF49EDDB7 /* Check Pods Manifest.lock */ = {
			isa = PBXShellScriptBuildPhase;
			buildActionMask = 2147483647;
			files = (
			);
			inputPaths = (
			);
			name = "Check Pods Manifest.lock";
			outputPaths = (
			);
			runOnlyForDeploymentPostprocessing = 0;
			shellPath = /bin/sh;
			shellScript = "diff \"${PODS_ROOT}/../Podfile.lock\" \"${PODS_ROOT}/Manifest.lock\" > /dev/null\nif [[ $? != 0 ]] ; then\n    cat << EOM\nerror: The sandbox is not in sync with the Podfile.lock. Run 'pod install' or update your CocoaPods installation.\nEOM\n    exit 1\nfi\n";
			showEnvVarsInLog = 0;
		};
		7D94C9A71C7642CF004E52A6 /* Mogenerator Run Script */ = {
			isa = PBXShellScriptBuildPhase;
			buildActionMask = 2147483647;
			files = (
			);
			inputPaths = (
			);
			name = "Mogenerator Run Script";
			outputPaths = (
			);
			runOnlyForDeploymentPostprocessing = 0;
			shellPath = /bin/sh;
			shellScript = "mogenerator -m LivePathTracker/Model/LivePathDatabase.xcdatamodeld -O LivePathTracker/Model/Objects --template-var arc=true --base-class BaseModel";
		};
		8B80039A575E5C184D46A17B /* Copy Pods Resources */ = {
			isa = PBXShellScriptBuildPhase;
			buildActionMask = 2147483647;
			files = (
			);
			inputPaths = (
			);
			name = "Copy Pods Resources";
			outputPaths = (
			);
			runOnlyForDeploymentPostprocessing = 0;
			shellPath = /bin/sh;
			shellScript = "\"${SRCROOT}/Pods/Target Support Files/Pods-GoTime/Pods-GoTime-resources.sh\"\n";
			showEnvVarsInLog = 0;
		};
		CF49FC777688134C92159128 /* Embed Pods Frameworks */ = {
			isa = PBXShellScriptBuildPhase;
			buildActionMask = 2147483647;
			files = (
			);
			inputPaths = (
			);
			name = "Embed Pods Frameworks";
			outputPaths = (
			);
			runOnlyForDeploymentPostprocessing = 0;
			shellPath = /bin/sh;
			shellScript = "\"${SRCROOT}/Pods/Target Support Files/Pods-GoTime/Pods-GoTime-frameworks.sh\"\n";
			showEnvVarsInLog = 0;
		};
/* End PBXShellScriptBuildPhase section */

/* Begin PBXSourcesBuildPhase section */
		7D94C97E1C7639E6004E52A6 /* Sources */ = {
			isa = PBXSourcesBuildPhase;
			buildActionMask = 2147483647;
			files = (
				7D94C9C51C764789004E52A6 /* TitleLabel.m in Sources */,
				7D94C98D1C7639E6004E52A6 /* HomeViewController.m in Sources */,
				7D94C98A1C7639E6004E52A6 /* AppDelegate.m in Sources */,
				7DFDBAD31C79B86A00A42B53 /* MainViewController.m in Sources */,
				7DFDBAEE1C79DC2D00A42B53 /* LeftMenuHeaderView.m in Sources */,
				7DFDBAD91C79BB4700A42B53 /* ActivityTableViewController.m in Sources */,
				7DF6E9081C789090002B11BC /* DetailViewController.m in Sources */,
				7D94C9C01C7646FD004E52A6 /* UIColor+Theme.m in Sources */,
				7DF6E9221C78EFAF002B11BC /* BigButton.m in Sources */,
				7D94C9B31C764612004E52A6 /* LocationModel.m in Sources */,
				7DFDBB111C7A3CA000A42B53 /* Reachability.m in Sources */,
				7D94C9C81C765506004E52A6 /* PathViewController.m in Sources */,
				7D94C9B41C764612004E52A6 /* PathModel.m in Sources */,
				7DFDBACF1C79B2FE00A42B53 /* LeftMenuTableViewController.m in Sources */,
				7DFDBAD61C79B88500A42B53 /* MainSlidingAnimationcontroller.m in Sources */,
				7DFDBACC1C79AAB000A42B53 /* MulticolorPolylineSegment.m in Sources */,
				7D94C9CC1C7663B9004E52A6 /* Utility.m in Sources */,
				7D94C9B61C764612004E52A6 /* _PathModel.m in Sources */,
				7D94C9BB1C76468A004E52A6 /* LivePathTrackerTheme.m in Sources */,
				7D94C9B51C764612004E52A6 /* _LocationModel.m in Sources */,
				7D94C9C11C7646FD004E52A6 /* UIFont+Theme.m in Sources */,
				7D94C9871C7639E6004E52A6 /* main.m in Sources */,
				7D94C9AA1C7645B3004E52A6 /* BaseModel.m in Sources */,
				7D94C99F1C763AE3004E52A6 /* LivePathDatabase.xcdatamodeld in Sources */,
			);
			runOnlyForDeploymentPostprocessing = 0;
		};
/* End PBXSourcesBuildPhase section */

/* Begin PBXVariantGroup section */
		7D94C98E1C7639E6004E52A6 /* Main.storyboard */ = {
			isa = PBXVariantGroup;
			children = (
				7D94C98F1C7639E6004E52A6 /* Base */,
			);
			name = Main.storyboard;
			sourceTree = "<group>";
		};
		7D94C9931C7639E6004E52A6 /* LaunchScreen.storyboard */ = {
			isa = PBXVariantGroup;
			children = (
				7D94C9941C7639E6004E52A6 /* Base */,
			);
			name = LaunchScreen.storyboard;
			sourceTree = "<group>";
		};
/* End PBXVariantGroup section */

/* Begin XCBuildConfiguration section */
		7D94C9971C7639E6004E52A6 /* Debug */ = {
			isa = XCBuildConfiguration;
			buildSettings = {
				ALWAYS_SEARCH_USER_PATHS = NO;
				CLANG_CXX_LANGUAGE_STANDARD = "gnu++0x";
				CLANG_CXX_LIBRARY = "libc++";
				CLANG_ENABLE_MODULES = YES;
				CLANG_ENABLE_OBJC_ARC = YES;
				CLANG_WARN_BOOL_CONVERSION = YES;
				CLANG_WARN_CONSTANT_CONVERSION = YES;
				CLANG_WARN_DIRECT_OBJC_ISA_USAGE = YES_ERROR;
				CLANG_WARN_EMPTY_BODY = YES;
				CLANG_WARN_ENUM_CONVERSION = YES;
				CLANG_WARN_INT_CONVERSION = YES;
				CLANG_WARN_OBJC_ROOT_CLASS = YES_ERROR;
				CLANG_WARN_UNREACHABLE_CODE = YES;
				CLANG_WARN__DUPLICATE_METHOD_MATCH = YES;
				"CODE_SIGN_IDENTITY[sdk=iphoneos*]" = "iPhone Developer";
				COPY_PHASE_STRIP = NO;
				DEBUG_INFORMATION_FORMAT = dwarf;
				ENABLE_STRICT_OBJC_MSGSEND = YES;
				ENABLE_TESTABILITY = YES;
				GCC_C_LANGUAGE_STANDARD = gnu99;
				GCC_DYNAMIC_NO_PIC = NO;
				GCC_NO_COMMON_BLOCKS = YES;
				GCC_OPTIMIZATION_LEVEL = 0;
				GCC_PREPROCESSOR_DEFINITIONS = (
					"DEBUG=1",
					"$(inherited)",
				);
				GCC_WARN_64_TO_32_BIT_CONVERSION = YES;
				GCC_WARN_ABOUT_RETURN_TYPE = YES_ERROR;
				GCC_WARN_UNDECLARED_SELECTOR = YES;
				GCC_WARN_UNINITIALIZED_AUTOS = YES_AGGRESSIVE;
				GCC_WARN_UNUSED_FUNCTION = YES;
				GCC_WARN_UNUSED_VARIABLE = YES;
				IPHONEOS_DEPLOYMENT_TARGET = 8.0;
				MTL_ENABLE_DEBUG_INFO = YES;
				ONLY_ACTIVE_ARCH = YES;
				SDKROOT = iphoneos;
			};
			name = Debug;
		};
		7D94C9981C7639E6004E52A6 /* Release */ = {
			isa = XCBuildConfiguration;
			buildSettings = {
				ALWAYS_SEARCH_USER_PATHS = NO;
				CLANG_CXX_LANGUAGE_STANDARD = "gnu++0x";
				CLANG_CXX_LIBRARY = "libc++";
				CLANG_ENABLE_MODULES = YES;
				CLANG_ENABLE_OBJC_ARC = YES;
				CLANG_WARN_BOOL_CONVERSION = YES;
				CLANG_WARN_CONSTANT_CONVERSION = YES;
				CLANG_WARN_DIRECT_OBJC_ISA_USAGE = YES_ERROR;
				CLANG_WARN_EMPTY_BODY = YES;
				CLANG_WARN_ENUM_CONVERSION = YES;
				CLANG_WARN_INT_CONVERSION = YES;
				CLANG_WARN_OBJC_ROOT_CLASS = YES_ERROR;
				CLANG_WARN_UNREACHABLE_CODE = YES;
				CLANG_WARN__DUPLICATE_METHOD_MATCH = YES;
				"CODE_SIGN_IDENTITY[sdk=iphoneos*]" = "iPhone Developer";
				COPY_PHASE_STRIP = NO;
				DEBUG_INFORMATION_FORMAT = "dwarf-with-dsym";
				ENABLE_NS_ASSERTIONS = NO;
				ENABLE_STRICT_OBJC_MSGSEND = YES;
				GCC_C_LANGUAGE_STANDARD = gnu99;
				GCC_NO_COMMON_BLOCKS = YES;
				GCC_WARN_64_TO_32_BIT_CONVERSION = YES;
				GCC_WARN_ABOUT_RETURN_TYPE = YES_ERROR;
				GCC_WARN_UNDECLARED_SELECTOR = YES;
				GCC_WARN_UNINITIALIZED_AUTOS = YES_AGGRESSIVE;
				GCC_WARN_UNUSED_FUNCTION = YES;
				GCC_WARN_UNUSED_VARIABLE = YES;
				IPHONEOS_DEPLOYMENT_TARGET = 8.0;
				MTL_ENABLE_DEBUG_INFO = NO;
				SDKROOT = iphoneos;
				VALIDATE_PRODUCT = YES;
			};
			name = Release;
		};
		7D94C99A1C7639E6004E52A6 /* Debug */ = {
			isa = XCBuildConfiguration;
			baseConfigurationReference = 237B57568BBE8A3A687D50B8 /* Pods-GoTime.debug.xcconfig */;
			buildSettings = {
				ASSETCATALOG_COMPILER_APPICON_NAME = AppIcon;
				CODE_SIGN_IDENTITY = "iPhone Developer";
				"CODE_SIGN_IDENTITY[sdk=iphoneos*]" = "iPhone Developer";
				INFOPLIST_FILE = LivePathTracker/Info.plist;
				LD_RUNPATH_SEARCH_PATHS = "$(inherited) @executable_path/Frameworks";
				PRODUCT_BUNDLE_IDENTIFIER = com.nabeelarif.GoTime;
				PRODUCT_NAME = "Go Time";
				PROVISIONING_PROFILE = "";
			};
			name = Debug;
		};
		7D94C99B1C7639E6004E52A6 /* Release */ = {
			isa = XCBuildConfiguration;
			baseConfigurationReference = 5C37EDA596C16D0F537BD281 /* Pods-GoTime.release.xcconfig */;
			buildSettings = {
				ASSETCATALOG_COMPILER_APPICON_NAME = AppIcon;
				CODE_SIGN_IDENTITY = "iPhone Developer";
				"CODE_SIGN_IDENTITY[sdk=iphoneos*]" = "iPhone Developer";
				INFOPLIST_FILE = LivePathTracker/Info.plist;
				LD_RUNPATH_SEARCH_PATHS = "$(inherited) @executable_path/Frameworks";
				PRODUCT_BUNDLE_IDENTIFIER = com.nabeelarif.GoTime;
				PRODUCT_NAME = "Go Time";
				PROVISIONING_PROFILE = "";
			};
			name = Release;
		};
		7D94C9A41C7642AA004E52A6 /* Debug */ = {
			isa = XCBuildConfiguration;
			buildSettings = {
				PRODUCT_NAME = "$(TARGET_NAME)";
			};
			name = Debug;
		};
		7D94C9A51C7642AA004E52A6 /* Release */ = {
			isa = XCBuildConfiguration;
			buildSettings = {
				PRODUCT_NAME = "$(TARGET_NAME)";
			};
			name = Release;
		};
/* End XCBuildConfiguration section */

/* Begin XCConfigurationList section */
		7D94C97D1C7639E6004E52A6 /* Build configuration list for PBXProject "LivePathTracker" */ = {
			isa = XCConfigurationList;
			buildConfigurations = (
				7D94C9971C7639E6004E52A6 /* Debug */,
				7D94C9981C7639E6004E52A6 /* Release */,
			);
			defaultConfigurationIsVisible = 0;
			defaultConfigurationName = Release;
		};
		7D94C9991C7639E6004E52A6 /* Build configuration list for PBXNativeTarget "GoTime" */ = {
			isa = XCConfigurationList;
			buildConfigurations = (
				7D94C99A1C7639E6004E52A6 /* Debug */,
				7D94C99B1C7639E6004E52A6 /* Release */,
			);
			defaultConfigurationIsVisible = 0;
			defaultConfigurationName = Release;
		};
		7D94C9A61C7642AA004E52A6 /* Build configuration list for PBXAggregateTarget "Mogenerator" */ = {
			isa = XCConfigurationList;
			buildConfigurations = (
				7D94C9A41C7642AA004E52A6 /* Debug */,
				7D94C9A51C7642AA004E52A6 /* Release */,
			);
			defaultConfigurationIsVisible = 0;
			defaultConfigurationName = Release;
		};
/* End XCConfigurationList section */

/* Begin XCVersionGroup section */
		7D94C99D1C763AE3004E52A6 /* LivePathDatabase.xcdatamodeld */ = {
			isa = XCVersionGroup;
			children = (
				7D94C99E1C763AE3004E52A6 /* LivePathDatabase.xcdatamodel */,
			);
			currentVersion = 7D94C99E1C763AE3004E52A6 /* LivePathDatabase.xcdatamodel */;
			path = LivePathDatabase.xcdatamodeld;
			sourceTree = "<group>";
			versionGroupType = wrapper.xcdatamodel;
		};
/* End XCVersionGroup section */
	};
	rootObject = 7D94C97A1C7639E6004E52A6 /* Project object */;
}
